
Microsoft Visual Studio Solution File, Format Version 12.00
# Visual Studio 2012
Project("{FAE04EC0-301F-11D3-BF4B-00C04F79EFBC}") = "Facebook_OAuth", "Facebook_OAuth\Facebook_OAuth.csproj", "{9CD003D6-8190-430C-9AFA-67A6AA4CA3B9}"
EndProject
Global
	GlobalSection(SolutionConfigurationPlatforms) = preSolution
		Debug|Any CPU = Debug|Any CPU
		Release|Any CPU = Release|Any CPU
	EndGlobalSection
	GlobalSection(ProjectConfigurationPlatforms) = postSolution
		{9CD003D6-8190-430C-9AFA-67A6AA4CA3B9}.Debug|Any CPU.ActiveCfg = Debug|Any CPU
		{9CD003D6-8190-430C-9AFA-67A6AA4CA3B9}.Debug|Any CPU.Build.0 = Debug|Any CPU
		{9CD003D6-8190-430C-9AFA-67A6AA4CA3B9}.Release|Any CPU.ActiveCfg = Release|Any CPU
		{9CD003D6-8190-430C-9AFA-67A6AA4CA3B9}.Release|Any CPU.Build.0 = Release|Any CPU
	EndGlobalSection
EndGlobal
